
Microsoft Visual Studio Solution File, Format Version 12.00
# Visual Studio Version 17
VisualStudioVersion = 17.14.36811.4 d17.14
MinimumVisualStudioVersion = 10.0.40219.1
Project("{FAE04EC0-301F-11D3-BF4B-00C04F79EFBC}") = "Lab2.1_CodeFirst", "Lab2.1_CodeFirst\Lab2.1_CodeFirst.csproj", "{FACEBFAE-9BCF-4B5F-AC28-2A2E55998491}"
EndProject
Global
	GlobalSection(SolutionConfigurationPlatforms) = preSolution
		Debug|Any CPU = Debug|Any CPU
		Release|Any CPU = Release|Any CPU
	EndGlobalSection
	GlobalSection(ProjectConfigurationPlatforms) = postSolution
		{FACEBFAE-9BCF-4B5F-AC28-2A2E55998491}.Debug|Any CPU.ActiveCfg = Debug|Any CPU
		{FACEBFAE-9BCF-4B5F-AC28-2A2E55998491}.Debug|Any CPU.Build.0 = Debug|Any CPU
		{FACEBFAE-9BCF-4B5F-AC28-2A2E55998491}.Release|Any CPU.ActiveCfg = Release|Any CPU
		{FACEBFAE-9BCF-4B5F-AC28-2A2E55998491}.Release|Any CPU.Build.0 = Release|Any CPU
	EndGlobalSection
	GlobalSection(SolutionProperties) = preSolution
		HideSolutionNode = FALSE
	EndGlobalSection
	GlobalSection(ExtensibilityGlobals) = postSolution
		SolutionGuid = {D5C485D6-E32C-40AB-BFC5-CF60870DF1B6}
	EndGlobalSection
EndGlobal
