
Microsoft Visual Studio Solution File, Format Version 12.00
# Visual Studio Version 17
VisualStudioVersion = 17.14.36811.4 d17.14
MinimumVisualStudioVersion = 10.0.40219.1
Project("{FAE04EC0-301F-11D3-BF4B-00C04F79EFBC}") = "Lab2.2_DatabaseFirst", "Lab2.2_DatabaseFirst\Lab2.2_DatabaseFirst.csproj", "{9987FED4-181B-44B4-BFE3-BCF268921A17}"
EndProject
Global
	GlobalSection(SolutionConfigurationPlatforms) = preSolution
		Debug|Any CPU = Debug|Any CPU
		Release|Any CPU = Release|Any CPU
	EndGlobalSection
	GlobalSection(ProjectConfigurationPlatforms) = postSolution
		{9987FED4-181B-44B4-BFE3-BCF268921A17}.Debug|Any CPU.ActiveCfg = Debug|Any CPU
		{9987FED4-181B-44B4-BFE3-BCF268921A17}.Debug|Any CPU.Build.0 = Debug|Any CPU
		{9987FED4-181B-44B4-BFE3-BCF268921A17}.Release|Any CPU.ActiveCfg = Release|Any CPU
		{9987FED4-181B-44B4-BFE3-BCF268921A17}.Release|Any CPU.Build.0 = Release|Any CPU
	EndGlobalSection
	GlobalSection(SolutionProperties) = preSolution
		HideSolutionNode = FALSE
	EndGlobalSection
	GlobalSection(ExtensibilityGlobals) = postSolution
		SolutionGuid = {28E1BAFA-7712-408A-97C3-B66AD0C32726}
	EndGlobalSection
EndGlobal
